
Microsoft Visual Studio Solution File, Format Version 12.00
# Visual Studio Version 17
VisualStudioVersion = 17.13.35825.156 d17.13
MinimumVisualStudioVersion = 10.0.40219.1
Project("{8BC9CEB8-8B4A-11D0-8D11-00A0C91BC942}") = "Game", "Game\Game.vcxproj", "{A641B273-180F-4FA3-9120-BC2EF8BD5CA0}"
EndProject
Global
	GlobalSection(SolutionConfigurationPlatforms) = preSolution
		Debug|x64 = Debug|x64
		Debug|x86 = Debug|x86
		Release|x64 = Release|x64
		Release|x86 = Release|x86
	EndGlobalSection
	GlobalSection(ProjectConfigurationPlatforms) = postSolution
		{A641B273-180F-4FA3-9120-BC2EF8BD5CA0}.Debug|x64.ActiveCfg = Debug|x64
		{A641B273-180F-4FA3-9120-BC2EF8BD5CA0}.Debug|x64.Build.0 = Debug|x64
		{A641B273-180F-4FA3-9120-BC2EF8BD5CA0}.Debug|x86.ActiveCfg = Debug|Win32
		{A641B273-180F-4FA3-9120-BC2EF8BD5CA0}.Debug|x86.Build.0 = Debug|Win32
		{A641B273-180F-4FA3-9120-BC2EF8BD5CA0}.Release|x64.ActiveCfg = Release|x64
		{A641B273-180F-4FA3-9120-BC2EF8BD5CA0}.Release|x64.Build.0 = Release|x64
		{A641B273-180F-4FA3-9120-BC2EF8BD5CA0}.Release|x86.ActiveCfg = Release|Win32
		{A641B273-180F-4FA3-9120-BC2EF8BD5CA0}.Release|x86.Build.0 = Release|Win32
	EndGlobalSection
	GlobalSection(SolutionProperties) = preSolution
		HideSolutionNode = FALSE
	EndGlobalSection
	GlobalSection(ExtensibilityGlobals) = postSolution
		SolutionGuid = {9536751B-637A-4A8A-9758-7778B3BE6017}
	EndGlobalSection
EndGlobal
